---
lockfileVersion: '9.0'

importers:

  .:
    configDependencies: {}
    packageManagerDependencies:
      pnpm:
        specifier: 12.11.2
        version: 12.11.2

packages:

  '@pnpm/exe.android-arm64@12.11.2':
    resolution: {integrity: sha512-owLw13OfPkEoY+hLBNeeG+dCFhywr7q2d/EHPz4mNL2RhKnv8gNwMARkjkiDQu234aItVwFNDeGnmQXm+ikkAg==}
    cpu: [arm64]
    os: [android]

  '@pnpm/exe.android-x64@12.11.2':
    resolution: {integrity: sha512-GYPkVebl4iokOA/4MPSpGoUVfFlsth7uqOCe1XiaiM23LAdvUOMJBObqHJijr89ZqjwHm9pO6vO45GRwJ2U2qA==}
    cpu: [x64]
    os: [android]

  '@pnpm/exe.darwin-arm64@12.11.2':
    resolution: {integrity: sha512-n9M4On66y8FDxUAKgMO1FXt0qihyG4e+56p3/F0uo8Bx9KplW8BwKVnXigzCJ8aNM6sVVPkOE6M9XXbeVIxnZA==}
    cpu: [arm64]
    os: [darwin]

  '@pnpm/exe.darwin-x64@12.11.2':
    resolution: {integrity: sha512-oSW7n3sBT0c0cyk4kj10T2Y6Mpm+OFEiCAWozgX039tdoI6yqJF1uaFD3sw7ugLdu6VV3+uY0pa1TUZIPdxDWA==}
    cpu: [x64]
    os: [darwin]

  '@pnpm/exe.freebsd-x64@12.11.2':
    resolution: {integrity: sha512-qbzc3KoDpa/Lkf8vs3jnDe6dUUbso+6eLIyssYFMiliLpYNxn8dirk11YoNnOQcdHVB50v5RFls1Yid6ttT5pg==}
    cpu: [x64]
    os: [freebsd]

  '@pnpm/exe.linux-arm64-musl@12.11.2':
    resolution: {integrity: sha512-uMEYDwKRktGwANubQ+kYCwmhNwg3Ik6qK89ahsbQ5cP30R/5FVJb/T99vr9XRUBC/A7mZI6eeT92oyVas9ACyg==}
    cpu: [arm64]
    os: [linux]
    libc: [musl]

  '@pnpm/exe.linux-arm64@12.11.2':
    resolution: {integrity: sha512-6e8ZAQUwFXAWHHHv5FesWqf/kEK04wuitBv5f/gxzkC0DiBfaixr+f+6JQede8SF4Ji5LcMwVFJbzAtffpWxEg==}
    cpu: [arm64]
    os: [linux]
    libc: [glibc]

  '@pnpm/exe.linux-ppc64@12.11.2':
    resolution: {integrity: sha512-Ui8A4nepkVupx2VpuFfysEluMvWK6gTB5rgVts7Ss/+8dj0RD28x3F/seNeH/zSypgC6yKdV6qsKVQh/uffTuQ==}
    cpu: [ppc64]
    os: [linux]
    libc: [glibc]

  '@pnpm/exe.linux-riscv64@12.11.2':
    resolution: {integrity: sha512-i1yLdQ5bu+wjQ+srtFoJAaY2gN/+oXHFdjul4llCeoDxHE0rTIG3R41NhHfCjyFPW4+CpbBT58933CL9sMOCnA==}
    cpu: [riscv64]
    os: [linux]
    libc: [glibc]

  '@pnpm/exe.linux-s390x@12.11.2':
    resolution: {integrity: sha512-YS1/lhPjjTsN4QL50VaFZKRa3Uc/bDnhE8eKbJMFvuX06UuFS5YaiDg04APoZdfVSGqTfX27QAg7rfLMSWaqxA==}
    cpu: [s390x]
    os: [linux]
    libc: [glibc]

  '@pnpm/exe.linux-x64-musl@12.11.2':
    resolution: {integrity: sha512-7eIxQR05fvJxCujUSKp5KTtehJ7QqrgqP/HD1+BcB/SaV2Be4XI1PEHiOgA1zxsiMIeMvTF6E4G4dYHrFjeXRg==}
    cpu: [x64]
    os: [linux]
    libc: [musl]

  '@pnpm/exe.linux-x64@12.11.2':
    resolution: {integrity: sha512-FK7QKe24AYgppJwO3mpooYptduuvIGqKJPi5ac7MdnWkjUy46JBfYhCW0grnkWKC8YOf0x+vGviuQqJEj3SpQQ==}
    cpu: [x64]
    os: [linux]
    libc: [glibc]

  '@pnpm/exe.win32-arm64@12.11.2':
    resolution: {integrity: sha512-PCTjVDdJb6VvraZxrEeFv6EqEA0hhIsAySx28e95J2Tqpi88hLpgOXgNqV0vpxq9A+b8GLQfyk/D+1UlJPv/YQ==}
    cpu: [arm64]
    os: [win32]

  '@pnpm/exe.win32-x64@12.11.2':
    resolution: {integrity: sha512-8sgX86OvRjJ3yZs/TvGR2L31wH9ScPZ+f+geKI3ikuB0RRiK3i4LlTRO8OXN6pdRqj8epMde4312MCjj7JsJdA==}
    cpu: [x64]
    os: [win32]

  pnpm@12.11.2:
    resolution: {integrity: sha512-JaUWUqGWeFr18ovabf6NxYLr76SsHRgCIc4TkCMcX7dmN4IupLbkYzznSs3LCnf3Ja8RutOBd/3t2u6BipVcuQ==}
    engines: {node: '>=18.*'}
    hasBin: true

snapshots:

  '@pnpm/exe.android-arm64@12.11.2':
    optional: true

  '@pnpm/exe.android-x64@12.11.2':
    optional: true

  '@pnpm/exe.darwin-arm64@12.11.2':
    optional: true

  '@pnpm/exe.darwin-x64@12.11.2':
    optional: true

  '@pnpm/exe.freebsd-x64@12.11.2':
    optional: true

  '@pnpm/exe.linux-arm64-musl@12.11.2':
    optional: true

  '@pnpm/exe.linux-arm64@12.11.2':
    optional: true

  '@pnpm/exe.linux-ppc64@12.11.2':
    optional: true

  '@pnpm/exe.linux-riscv64@12.11.2':
    optional: true

  '@pnpm/exe.linux-s390x@12.11.2':
    optional: true

  '@pnpm/exe.linux-x64-musl@12.11.2':
    optional: true

  '@pnpm/exe.linux-x64@12.11.2':
    optional: true

  '@pnpm/exe.win32-arm64@12.11.2':
    optional: true

  '@pnpm/exe.win32-x64@12.11.2':
    optional: true

  pnpm@12.11.2:
    optionalDependencies:
      '@pnpm/exe.android-arm64': 12.11.2
      '@pnpm/exe.android-x64': 12.11.2
      '@pnpm/exe.darwin-arm64': 12.11.2
      '@pnpm/exe.darwin-x64': 12.11.2
      '@pnpm/exe.freebsd-x64': 12.11.2
      '@pnpm/exe.linux-arm64': 12.11.2
      '@pnpm/exe.linux-arm64-musl': 12.11.2
      '@pnpm/exe.linux-ppc64': 12.11.2
      '@pnpm/exe.linux-riscv64': 12.11.2
      '@pnpm/exe.linux-s390x': 12.11.2
      '@pnpm/exe.linux-x64': 12.11.2
      '@pnpm/exe.linux-x64-musl': 12.11.2
      '@pnpm/exe.win32-arm64': 12.11.2
      '@pnpm/exe.win32-x64': 12.11.2

---
lockfileVersion: '9.0'

settings:
  autoInstallPeers: true
  excludeLinksFromLockfile: false

importers:

  .:
    dependencies:
      boxen:
        specifier: ^8.0.1
        version: 8.0.1
      chalk:
        specifier: ^6.0.0
        version: 6.0.0
      dotenv:
        specifier: ^17.4.2
        version: 17.4.2

packages:

  ansi-align@3.0.1:
    resolution: {integrity: sha512-IOfwwBF5iczOjp/WeY4YxyjqAFMQoZufdQWDd19SEExbVLNXqvpzSJ/M7Za4/sCPmQ0+GRquoA7bGcINcxew6w==}

  ansi-regex@5.0.1:
    resolution: {integrity: sha512-quJQXlTSUGL2LH9SUXo8VwsY4soanhgo6LNSm84E1LBcE8s3O0wpdiRzyR9z/ZZJMlMWv37qOOb9pdJlMUEKFQ==}
    engines: {node: '>=8'}

  ansi-regex@6.2.2:
    resolution: {integrity: sha512-Bq3SmSpyFHaWjPk8If9yc6svM8c56dB5BAtW4Qbw5jHTwwXXcTLoRMkpDJp6VL0XzlWaCHTXrkFURMYmD0sLqg==}
    engines: {node: '>=12'}

  ansi-styles@6.2.3:
    resolution: {integrity: sha512-4Dj6M28JB+oAH8kFkTLUo+a2jwOFkuqb3yucU0CANcRRUbxS0cP0nZYCGjcc3BNXwRIsUVmDGgzawme7zvJHvg==}
    engines: {node: '>=12'}

  boxen@8.0.1:
    resolution: {integrity: sha512-F3PH5k5juxom4xktynS7MoFY+NUWH5LC4CnH11YB8NPew+HLpmBLCybSAEyb2F+4pRXhuhWqFesoQd6DAyc2hw==}
    engines: {node: '>=18'}

  camelcase@8.0.0:
    resolution: {integrity: sha512-8WB3Jcas3swSvjIeA2yvCJ+Miyz5l1ZmB6HFb9R1317dt9LCQoswg/BGrmAmkWVEszSrrg4RwmO46qIm2OEnSA==}
    engines: {node: '>=16'}

  chalk@5.6.2:
    resolution: {integrity: sha512-7NzBL0rN6fMUW+f7A6Io4h40qQlG+xGmtMxfbnH/K7TAtt8JQWVQK+6g0UXKMeVJoyV5EkkNsErQ8pVD3bLHbA==}
    engines: {node: ^12.17.0 || ^14.13 || >=16.0.0}

  chalk@6.0.0:
    resolution: {integrity: sha512-2uNTXIuTTxk7ciZgAU1BQcgnchcG0xXnrs6jzkQfj9SsRa9M2s5zE8WT96hS6KmG4MzWHSrvH43DF1m4XRkrFg==}
    engines: {node: '>=22'}

  cli-boxes@3.0.0:
    resolution: {integrity: sha512-/lzGpEWL/8PfI0BmBOPRwp0c/wFNX1RdUML3jK/RcSBA9T8mZDdQpqYBKtCFTOfQbwPqWEOpjqW+Fnayc0969g==}
    engines: {node: '>=10'}

  dotenv@17.4.2:
    resolution: {integrity: sha512-nI4U3TottKAcAD9LLud4Cb7b2QztQMUEfHbvhTH09bqXTxnSie8WnjPALV/WMCrJZ6UV/qHJ6L03OqO3LcdYZw==}
    engines: {node: '>=12'}

  emoji-regex@10.6.0:
    resolution: {integrity: sha512-toUI84YS5YmxW219erniWD0CIVOo46xGKColeNQRgOzDorgBi1v4D71/OFzgD9GO2UGKIv1C3Sp8DAn0+j5w7A==}

  emoji-regex@8.0.0:
    resolution: {integrity: sha512-MSjYzcWNOA0ewAHpz0MxpYFvwg6yjy1NG3xteoqz644VCo/RPgnr1/GGt+ic3iJTzQ8Eu3TdM14SawnVUmGE6A==}

  get-east-asian-width@1.5.0:
    resolution: {integrity: sha512-CQ+bEO+Tva/qlmw24dCejulK5pMzVnUOFOijVogd3KQs07HnRIgp8TGipvCCRT06xeYEbpbgwaCxglFyiuIcmA==}
    engines: {node: '>=18'}

  is-fullwidth-code-point@3.0.0:
    resolution: {integrity: sha512-zymm5+u+sCsSWyD9qNaejV3DFvhCKclKdizYaJUuHA83RLjb7nSuGnddCHGv0hk+KY7BMAlsWeK4Ueg6EV6XQg==}
    engines: {node: '>=8'}

  string-width@4.2.3:
    resolution: {integrity: sha512-wKyQRQpjJ0sIp62ErSZdGsjMJWsap5oRNihHhu6G7JVO/9jIB6UyevL+tXuOqrng8j/cxKTWyWUwvSTriiZz/g==}
    engines: {node: '>=8'}

  string-width@7.2.0:
    resolution: {integrity: sha512-tsaTIkKW9b4N+AEj+SVA+WhJzV7/zMhcSu78mLKWSk7cXMOSHsBKFWUs0fWwq8QyK3MgJBQRX6Gbi4kYbdvGkQ==}
    engines: {node: '>=18'}

  strip-ansi@6.0.1:
    resolution: {integrity: sha512-Y38VPSHcqkFrCpFnQ9vuSXmquuv5oXOKpGeT6aGrr3o3Gc9AlVa6JBfUSOCnbxGGZF+/0ooI7KrPuUSztUdU5A==}
    engines: {node: '>=8'}

  strip-ansi@7.2.0:
    resolution: {integrity: sha512-yDPMNjp4WyfYBkHnjIRLfca1i6KMyGCtsVgoKe/z1+6vukgaENdgGBZt+ZmKPc4gavvEZ5OgHfHdrazhgNyG7w==}
    engines: {node: '>=12'}

  type-fest@4.41.0:
    resolution: {integrity: sha512-TeTSQ6H5YHvpqVwBRcnLDCBnDOHWYu7IvGbHT6N8AOymcr9PJGjc1GTtiWZTYg0NCgYwvnYWEkVChQAr9bjfwA==}
    engines: {node: '>=16'}

  widest-line@5.0.0:
    resolution: {integrity: sha512-c9bZp7b5YtRj2wOe6dlj32MK+Bx/M/d+9VB2SHM1OtsUHR0aV0tdP6DWh/iMt0kWi1t5g1Iudu6hQRNd1A4PVA==}
    engines: {node: '>=18'}

  wrap-ansi@9.0.2:
    resolution: {integrity: sha512-42AtmgqjV+X1VpdOfyTGOYRi0/zsoLqtXQckTmqTeybT+BDIbM/Guxo7x3pE2vtpr1ok6xRqM9OpBe+Jyoqyww==}
    engines: {node: '>=18'}

snapshots:

  ansi-align@3.0.1:
    dependencies:
      string-width: 4.2.3

  ansi-regex@5.0.1: {}

  ansi-regex@6.2.2: {}

  ansi-styles@6.2.3: {}

  boxen@8.0.1:
    dependencies:
      ansi-align: 3.0.1
      camelcase: 8.0.0
      chalk: 5.6.2
      cli-boxes: 3.0.0
      string-width: 7.2.0
      type-fest: 4.41.0
      widest-line: 5.0.0
      wrap-ansi: 9.0.2

  camelcase@8.0.0: {}

  chalk@5.6.2: {}

  chalk@6.0.0: {}

  cli-boxes@3.0.0: {}

  dotenv@17.4.2: {}

  emoji-regex@10.6.0: {}

  emoji-regex@8.0.0: {}

  get-east-asian-width@1.5.0: {}

  is-fullwidth-code-point@3.0.0: {}

  string-width@4.2.3:
    dependencies:
      emoji-regex: 8.0.0
      is-fullwidth-code-point: 3.0.0
      strip-ansi: 6.0.1

  string-width@7.2.0:
    dependencies:
      emoji-regex: 10.6.0
      get-east-asian-width: 1.5.0
      strip-ansi: 7.2.0

  strip-ansi@6.0.1:
    dependencies:
      ansi-regex: 5.0.1

  strip-ansi@7.2.0:
    dependencies:
      ansi-regex: 6.2.2

  type-fest@4.41.0: {}

  widest-line@5.0.0:
    dependencies:
      string-width: 7.2.0

  wrap-ansi@9.0.2:
    dependencies:
      ansi-styles: 6.2.3
      string-width: 7.2.0
      strip-ansi: 7.2.0
